
Microsoft Visual Studio Solution File, Format Version 12.00
# Visual Studio Version 17
VisualStudioVersion = 17.3.32922.545
MinimumVisualStudioVersion = 10.0.40219.1
Project("{FAE04EC0-301F-11D3-BF4B-00C04F79EFBC}") = "19_2", "19_2.csproj", "{6901B456-44AA-45D8-9A80-4E76DAD96370}"
EndProject
Global
	GlobalSection(SolutionConfigurationPlatforms) = preSolution
		Debug|Any CPU = Debug|Any CPU
		Release|Any CPU = Release|Any CPU
	EndGlobalSection
	GlobalSection(ProjectConfigurationPlatforms) = postSolution
		{6901B456-44AA-45D8-9A80-4E76DAD96370}.Debug|Any CPU.ActiveCfg = Debug|Any CPU
		{6901B456-44AA-45D8-9A80-4E76DAD96370}.Debug|Any CPU.Build.0 = Debug|Any CPU
		{6901B456-44AA-45D8-9A80-4E76DAD96370}.Release|Any CPU.ActiveCfg = Release|Any CPU
		{6901B456-44AA-45D8-9A80-4E76DAD96370}.Release|Any CPU.Build.0 = Release|Any CPU
	EndGlobalSection
	GlobalSection(SolutionProperties) = preSolution
		HideSolutionNode = FALSE
	EndGlobalSection
	GlobalSection(ExtensibilityGlobals) = postSolution
		SolutionGuid = {8B7F6590-6EBB-43F3-A8AF-8BCBCE59D372}
	EndGlobalSection
EndGlobal
